Microsoft Visual Studio Solution File, Format Version 11.00
# Visual Studio 2008

Project("{27966B88-E7B1-D9A6-199F-7ABC309DE24C}") = "ProjectFN", "Assembly-CSharp.csproj", "{4CF18C6F-C90C-1BC9-A3FC-A5AB80F39530}"
EndProject
Global
	GlobalSection(SolutionConfigurationPlatforms) = preSolution
		Debug|Any CPU = Debug|Any CPU
		Release|Any CPU = Release|Any CPU
	EndGlobalSection
	GlobalSection(ProjectConfigurationPlatforms) = postSolution
		{4CF18C6F-C90C-1BC9-A3FC-A5AB80F39530}.Debug|Any CPU.ActiveCfg = Debug|Any CPU
		{4CF18C6F-C90C-1BC9-A3FC-A5AB80F39530}.Debug|Any CPU.Build.0 = Debug|Any CPU
		{4CF18C6F-C90C-1BC9-A3FC-A5AB80F39530}.Release|Any CPU.ActiveCfg = Release|Any CPU
		{4CF18C6F-C90C-1BC9-A3FC-A5AB80F39530}.Release|Any CPU.Build.0 = Release|Any CPU
	EndGlobalSection
	GlobalSection(SolutionProperties) = preSolution
		HideSolutionNode = FALSE
	EndGlobalSection
	GlobalSection(MonoDevelopProperties) = preSolution
		StartupItem = Assembly-CSharp.csproj
	EndGlobalSection
EndGlobal
